
Microsoft Visual Studio Solution File, Format Version 12.00
# Visual Studio 15
VisualStudioVersion = 15.0.28307.779
MinimumVisualStudioVersion = 10.0.40219.1
Project("{FAE04EC0-301F-11D3-BF4B-00C04F79EFBC}") = "Savify.Core", "Savify.Core\Savify.Core.csproj", "{636BB928-7349-4F68-B396-D8CFF03BE87D}"
EndProject
Project("{FAE04EC0-301F-11D3-BF4B-00C04F79EFBC}") = "Savify.Console", "Savify.Console\Savify.Console.csproj", "{29F73691-27FF-4150-832A-5B12F890DFA3}"
EndProject
Global
	GlobalSection(SolutionConfigurationPlatforms) = preSolution
		Debug|Any CPU = Debug|Any CPU
		Release|Any CPU = Release|Any CPU
	EndGlobalSection
	GlobalSection(ProjectConfigurationPlatforms) = postSolution
		{636BB928-7349-4F68-B396-D8CFF03BE87D}.Debug|Any CPU.ActiveCfg = Debug|Any CPU
		{636BB928-7349-4F68-B396-D8CFF03BE87D}.Debug|Any CPU.Build.0 = Debug|Any CPU
		{636BB928-7349-4F68-B396-D8CFF03BE87D}.Release|Any CPU.ActiveCfg = Release|Any CPU
		{636BB928-7349-4F68-B396-D8CFF03BE87D}.Release|Any CPU.Build.0 = Release|Any CPU
		{29F73691-27FF-4150-832A-5B12F890DFA3}.Debug|Any CPU.ActiveCfg = Debug|Any CPU
		{29F73691-27FF-4150-832A-5B12F890DFA3}.Debug|Any CPU.Build.0 = Debug|Any CPU
		{29F73691-27FF-4150-832A-5B12F890DFA3}.Release|Any CPU.ActiveCfg = Release|Any CPU
		{29F73691-27FF-4150-832A-5B12F890DFA3}.Release|Any CPU.Build.0 = Release|Any CPU
	EndGlobalSection
	GlobalSection(SolutionProperties) = preSolution
		HideSolutionNode = FALSE
	EndGlobalSection
	GlobalSection(ExtensibilityGlobals) = postSolution
		SolutionGuid = {200B1451-7971-4FB3-8804-5AA2E9629FB7}
	EndGlobalSection
EndGlobal
